<?xml version="1.0" encoding="utf-8"?>
<Project ToolsVersion="17.0" xmlns="http://schemas.microsoft.com/developer/msbuild/2003">
  <ItemGroup>
    <ClCompile Include="C:\Users\egorz\source\repos\mp2-lab1-set\samples\sample_prime_numbers.cpp">
      <Filter>Source Files</Filter>
    </ClCompile>
  </ItemGroup>
  <ItemGroup>
    <CustomBuild Include="C:\Users\egorz\source\repos\mp2-lab1-set\samples\CMakeLists.txt" />
  </ItemGroup>
  <ItemGroup>
    <Filter Include="Source Files">
      <UniqueIdentifier>{80553B19-D1CE-3ED6-BB3B-46ECCB6D6936}</UniqueIdentifier>
    </Filter>
  </ItemGroup>
</Project>
